
Microsoft Visual Studio Solution File, Format Version 12.00
# Visual Studio Version 16
VisualStudioVersion = 16.0.30621.155
MinimumVisualStudioVersion = 10.0.40219.1
Project("{FAE04EC0-301F-11D3-BF4B-00C04F79EFBC}") = "triangle1", "triangle1.csproj", "{90D3EA46-8108-479E-92F1-81AC0BC9E004}"
EndProject
Global
	GlobalSection(SolutionConfigurationPlatforms) = preSolution
		Debug|Any CPU = Debug|Any CPU
		Release|Any CPU = Release|Any CPU
	EndGlobalSection
	GlobalSection(ProjectConfigurationPlatforms) = postSolution
		{90D3EA46-8108-479E-92F1-81AC0BC9E004}.Debug|Any CPU.ActiveCfg = Debug|Any CPU
		{90D3EA46-8108-479E-92F1-81AC0BC9E004}.Debug|Any CPU.Build.0 = Debug|Any CPU
		{90D3EA46-8108-479E-92F1-81AC0BC9E004}.Release|Any CPU.ActiveCfg = Release|Any CPU
		{90D3EA46-8108-479E-92F1-81AC0BC9E004}.Release|Any CPU.Build.0 = Release|Any CPU
	EndGlobalSection
	GlobalSection(SolutionProperties) = preSolution
		HideSolutionNode = FALSE
	EndGlobalSection
	GlobalSection(ExtensibilityGlobals) = postSolution
		SolutionGuid = {8394780B-D97A-4234-B2A5-EA680C6A6923}
	EndGlobalSection
EndGlobal
