
Microsoft Visual Studio Solution File, Format Version 12.00
# Visual Studio Version 16
VisualStudioVersion = 16.0.30621.155
MinimumVisualStudioVersion = 10.0.40219.1
Project("{FAE04EC0-301F-11D3-BF4B-00C04F79EFBC}") = "WindowsFormsApp1", "WindowsFormsApp1.csproj", "{0991EFFF-52A1-4DFC-88E3-5723EBDAA8AB}"
EndProject
Global
	GlobalSection(SolutionConfigurationPlatforms) = preSolution
		Debug|Any CPU = Debug|Any CPU
		Release|Any CPU = Release|Any CPU
	EndGlobalSection
	GlobalSection(ProjectConfigurationPlatforms) = postSolution
		{0991EFFF-52A1-4DFC-88E3-5723EBDAA8AB}.Debug|Any CPU.ActiveCfg = Debug|Any CPU
		{0991EFFF-52A1-4DFC-88E3-5723EBDAA8AB}.Debug|Any CPU.Build.0 = Debug|Any CPU
		{0991EFFF-52A1-4DFC-88E3-5723EBDAA8AB}.Release|Any CPU.ActiveCfg = Release|Any CPU
		{0991EFFF-52A1-4DFC-88E3-5723EBDAA8AB}.Release|Any CPU.Build.0 = Release|Any CPU
	EndGlobalSection
	GlobalSection(SolutionProperties) = preSolution
		HideSolutionNode = FALSE
	EndGlobalSection
	GlobalSection(ExtensibilityGlobals) = postSolution
		SolutionGuid = {46EB6444-4342-4F9E-A57B-6A0EA3EEB513}
	EndGlobalSection
EndGlobal
