
Microsoft Visual Studio Solution File, Format Version 12.00
# Visual Studio Version 16
VisualStudioVersion = 16.0.30621.155
MinimumVisualStudioVersion = 10.0.40219.1
Project("{FAE04EC0-301F-11D3-BF4B-00C04F79EFBC}") = "Converter", "Converter.csproj", "{8E0B94D7-5C01-444B-9F6D-0C6FCD8E5F5C}"
EndProject
Global
	GlobalSection(SolutionConfigurationPlatforms) = preSolution
		Debug|Any CPU = Debug|Any CPU
		Release|Any CPU = Release|Any CPU
	EndGlobalSection
	GlobalSection(ProjectConfigurationPlatforms) = postSolution
		{8E0B94D7-5C01-444B-9F6D-0C6FCD8E5F5C}.Debug|Any CPU.ActiveCfg = Debug|Any CPU
		{8E0B94D7-5C01-444B-9F6D-0C6FCD8E5F5C}.Debug|Any CPU.Build.0 = Debug|Any CPU
		{8E0B94D7-5C01-444B-9F6D-0C6FCD8E5F5C}.Release|Any CPU.ActiveCfg = Release|Any CPU
		{8E0B94D7-5C01-444B-9F6D-0C6FCD8E5F5C}.Release|Any CPU.Build.0 = Release|Any CPU
	EndGlobalSection
	GlobalSection(SolutionProperties) = preSolution
		HideSolutionNode = FALSE
	EndGlobalSection
	GlobalSection(ExtensibilityGlobals) = postSolution
		SolutionGuid = {E85798BB-2C47-4E75-B7FF-F30D1397FB49}
	EndGlobalSection
EndGlobal
